// !$*UTF8*$!
{
	archiveVersion = 1;
	classes = {
	};
	objectVersion = 46;
	objects = {

/* Begin PBXBuildFile section */
		E966482B1C85DA50005DC742 /* AppDelegate.swift in Sources */ = {isa = PBXBuildFile; fileRef = E966482A1C85DA50005DC742 /* AppDelegate.swift */; };
		E966482D1C85DA50005DC742 /* BookedRidesController.swift in Sources */ = {isa = PBXBuildFile; fileRef = E966482C1C85DA50005DC742 /* BookedRidesController.swift */; };
		E966482F1C85DA50005DC742 /* SecondViewController.swift in Sources */ = {isa = PBXBuildFile; fileRef = E966482E1C85DA50005DC742 /* SecondViewController.swift */; };
		E96648321C85DA50005DC742 /* Main.storyboard in Resources */ = {isa = PBXBuildFile; fileRef = E96648301C85DA50005DC742 /* Main.storyboard */; };
		E96648341C85DA50005DC742 /* Images.xcassets in Resources */ = {isa = PBXBuildFile; fileRef = E96648331C85DA50005DC742 /* Images.xcassets */; };
		E96648371C85DA50005DC742 /* LaunchScreen.xib in Resources */ = {isa = PBXBuildFile; fileRef = E96648351C85DA50005DC742 /* LaunchScreen.xib */; };
		E96648431C85DA50005DC742 /* MatchRiderGOTests.swift in Sources */ = {isa = PBXBuildFile; fileRef = E96648421C85DA50005DC742 /* MatchRiderGOTests.swift */; };
		E966484D1C85DABD005DC742 /* LoginViewController.swift in Sources */ = {isa = PBXBuildFile; fileRef = E966484C1C85DABD005DC742 /* LoginViewController.swift */; };
		E96648521C85DB16005DC742 /* RideRowViewTableViewCell.swift in Sources */ = {isa = PBXBuildFile; fileRef = E96648501C85DB16005DC742 /* RideRowViewTableViewCell.swift */; };
		E96648531C85DB16005DC742 /* RideRowViewTableViewCell.xib in Resources */ = {isa = PBXBuildFile; fileRef = E96648511C85DB16005DC742 /* RideRowViewTableViewCell.xib */; };
/* End PBXBuildFile section */

/* Begin PBXContainerItemProxy section */
		E966483D1C85DA50005DC742 /* PBXContainerItemProxy */ = {
			isa = PBXContainerItemProxy;
			containerPortal = E966481D1C85DA50005DC742 /* Project object */;
			proxyType = 1;
			remoteGlobalIDString = E96648241C85DA50005DC742;
			remoteInfo = MatchRiderGO;
		};
/* End PBXContainerItemProxy section */

/* Begin PBXFileReference section */
		E96648251C85DA50005DC742 /* MatchRiderGO.app */ = {isa = PBXFileReference; explicitFileType = wrapper.application; includeInIndex = 0; path = MatchRiderGO.app; sourceTree = BUILT_PRODUCTS_DIR; };
		E96648291C85DA50005DC742 /* Info.plist */ = {isa = PBXFileReference; lastKnownFileType = text.plist.xml; path = Info.plist; sourceTree = "<group>"; };
		E966482A1C85DA50005DC742 /* AppDelegate.swift */ = {isa = PBXFileReference; lastKnownFileType = sourcecode.swift; path = AppDelegate.swift; sourceTree = "<group>"; };
		E966482C1C85DA50005DC742 /* BookedRidesController.swift */ = {isa = PBXFileReference; lastKnownFileType = sourcecode.swift; path = BookedRidesController.swift; sourceTree = "<group>"; };
		E966482E1C85DA50005DC742 /* SecondViewController.swift */ = {isa = PBXFileReference; lastKnownFileType = sourcecode.swift; path = SecondViewController.swift; sourceTree = "<group>"; };
		E96648311C85DA50005DC742 /* Base */ = {isa = PBXFileReference; lastKnownFileType = file.storyboard; name = Base; path = Base.lproj/Main.storyboard; sourceTree = "<group>"; };
		E96648331C85DA50005DC742 /* Images.xcassets */ = {isa = PBXFileReference; lastKnownFileType = folder.assetcatalog; path = Images.xcassets; sourceTree = "<group>"; };
		E96648361C85DA50005DC742 /* Base */ = {isa = PBXFileReference; lastKnownFileType = file.xib; name = Base; path = Base.lproj/LaunchScreen.xib; sourceTree = "<group>"; };
		E966483C1C85DA50005DC742 /* MatchRiderGOTests.xctest */ = {isa = PBXFileReference; explicitFileType = wrapper.cfbundle; includeInIndex = 0; path = MatchRiderGOTests.xctest; sourceTree = BUILT_PRODUCTS_DIR; };
		E96648411C85DA50005DC742 /* Info.plist */ = {isa = PBXFileReference; lastKnownFileType = text.plist.xml; path = Info.plist; sourceTree = "<group>"; };
		E96648421C85DA50005DC742 /* MatchRiderGOTests.swift */ = {isa = PBXFileReference; lastKnownFileType = sourcecode.swift; path = MatchRiderGOTests.swift; sourceTree = "<group>"; };
		E966484C1C85DABD005DC742 /* LoginViewController.swift */ = {isa = PBXFileReference; fileEncoding = 4; lastKnownFileType = sourcecode.swift; path = LoginViewController.swift; sourceTree = "<group>"; };
		E96648501C85DB16005DC742 /* RideRowViewTableViewCell.swift */ = {isa = PBXFileReference; fileEncoding = 4; lastKnownFileType = sourcecode.swift; path = RideRowViewTableViewCell.swift; sourceTree = "<group>"; };
		E96648511C85DB16005DC742 /* RideRowViewTableViewCell.xib */ = {isa = PBXFileReference; fileEncoding = 4; lastKnownFileType = file.xib; path = RideRowViewTableViewCell.xib; sourceTree = "<group>"; };
/* End PBXFileReference section */

/* Begin PBXFrameworksBuildPhase section */
		E96648221C85DA50005DC742 /* Frameworks */ = {
			isa = PBXFrameworksBuildPhase;
			buildActionMask = 2147483647;
			files = (
			);
			runOnlyForDeploymentPostprocessing = 0;
		};
		E96648391C85DA50005DC742 /* Frameworks */ = {
			isa = PBXFrameworksBuildPhase;
			buildActionMask = 2147483647;
			files = (
			);
			runOnlyForDeploymentPostprocessing = 0;
		};
/* End PBXFrameworksBuildPhase section */

/* Begin PBXGroup section */
		E966481C1C85DA50005DC742 = {
			isa = PBXGroup;
			children = (
				E96648271C85DA50005DC742 /* MatchRiderGO */,
				E966483F1C85DA50005DC742 /* MatchRiderGOTests */,
				E96648261C85DA50005DC742 /* Products */,
			);
			sourceTree = "<group>";
		};
		E96648261C85DA50005DC742 /* Products */ = {
			isa = PBXGroup;
			children = (
				E96648251C85DA50005DC742 /* MatchRiderGO.app */,
				E966483C1C85DA50005DC742 /* MatchRiderGOTests.xctest */,
			);
			name = Products;
			sourceTree = "<group>";
		};
		E96648271C85DA50005DC742 /* MatchRiderGO */ = {
			isa = PBXGroup;
			children = (
				E966484F1C85DAFE005DC742 /* Components */,
				E966484E1C85DAF9005DC742 /* data */,
				E966482A1C85DA50005DC742 /* AppDelegate.swift */,
				E966482C1C85DA50005DC742 /* BookedRidesController.swift */,
				E966482E1C85DA50005DC742 /* SecondViewController.swift */,
				E96648301C85DA50005DC742 /* Main.storyboard */,
				E96648331C85DA50005DC742 /* Images.xcassets */,
				E96648351C85DA50005DC742 /* LaunchScreen.xib */,
				E96648281C85DA50005DC742 /* Supporting Files */,
				E966484C1C85DABD005DC742 /* LoginViewController.swift */,
			);
			path = MatchRiderGO;
			sourceTree = "<group>";
		};
		E96648281C85DA50005DC742 /* Supporting Files */ = {
			isa = PBXGroup;
			children = (
				E96648291C85DA50005DC742 /* Info.plist */,
			);
			name = "Supporting Files";
			sourceTree = "<group>";
		};
		E966483F1C85DA50005DC742 /* MatchRiderGOTests */ = {
			isa = PBXGroup;
			children = (
				E96648421C85DA50005DC742 /* MatchRiderGOTests.swift */,
				E96648401C85DA50005DC742 /* Supporting Files */,
			);
			path = MatchRiderGOTests;
			sourceTree = "<group>";
		};
		E96648401C85DA50005DC742 /* Supporting Files */ = {
			isa = PBXGroup;
			children = (
				E96648411C85DA50005DC742 /* Info.plist */,
			);
			name = "Supporting Files";
			sourceTree = "<group>";
		};
		E966484E1C85DAF9005DC742 /* data */ = {
			isa = PBXGroup;
			children = (
			);
			name = data;
			sourceTree = "<group>";
		};
		E966484F1C85DAFE005DC742 /* Components */ = {
			isa = PBXGroup;
			children = (
				E96648501C85DB16005DC742 /* RideRowViewTableViewCell.swift */,
				E96648511C85DB16005DC742 /* RideRowViewTableViewCell.xib */,
			);
			name = Components;
			sourceTree = "<group>";
		};
/* End PBXGroup section */

/* Begin PBXNativeTarget section */
		E96648241C85DA50005DC742 /* MatchRiderGO */ = {
			isa = PBXNativeTarget;
			buildConfigurationList = E96648461C85DA50005DC742 /* Build configuration list for PBXNativeTarget "MatchRiderGO" */;
			buildPhases = (
				E96648211C85DA50005DC742 /* Sources */,
				E96648221C85DA50005DC742 /* Frameworks */,
				E96648231C85DA50005DC742 /* Resources */,
			);
			buildRules = (
			);
			dependencies = (
			);
			name = MatchRiderGO;
			productName = MatchRiderGO;
			productReference = E96648251C85DA50005DC742 /* MatchRiderGO.app */;
			productType = "com.apple.product-type.application";
		};
		E966483B1C85DA50005DC742 /* MatchRiderGOTests */ = {
			isa = PBXNativeTarget;
			buildConfigurationList = E96648491C85DA50005DC742 /* Build configuration list for PBXNativeTarget "MatchRiderGOTests" */;
			buildPhases = (
				E96648381C85DA50005DC742 /* Sources */,
				E96648391C85DA50005DC742 /* Frameworks */,
				E966483A1C85DA50005DC742 /* Resources */,
			);
			buildRules = (
			);
			dependencies = (
				E966483E1C85DA50005DC742 /* PBXTargetDependency */,
			);
			name = MatchRiderGOTests;
			productName = MatchRiderGOTests;
			productReference = E966483C1C85DA50005DC742 /* MatchRiderGOTests.xctest */;
			productType = "com.apple.product-type.bundle.unit-test";
		};
/* End PBXNativeTarget section */

/* Begin PBXProject section */
		E966481D1C85DA50005DC742 /* Project object */ = {
			isa = PBXProject;
			attributes = {
				LastUpgradeCheck = 0620;
				ORGANIZATIONNAME = LivelyCode;
				TargetAttributes = {
					E96648241C85DA50005DC742 = {
						CreatedOnToolsVersion = 6.2;
					};
					E966483B1C85DA50005DC742 = {
						CreatedOnToolsVersion = 6.2;
						TestTargetID = E96648241C85DA50005DC742;
					};
				};
			};
			buildConfigurationList = E96648201C85DA50005DC742 /* Build configuration list for PBXProject "MatchRiderGO" */;
			compatibilityVersion = "Xcode 3.2";
			developmentRegion = English;
			hasScannedForEncodings = 0;
			knownRegions = (
				en,
				Base,
			);
			mainGroup = E966481C1C85DA50005DC742;
			productRefGroup = E96648261C85DA50005DC742 /* Products */;
			projectDirPath = "";
			projectRoot = "";
			targets = (
				E96648241C85DA50005DC742 /* MatchRiderGO */,
				E966483B1C85DA50005DC742 /* MatchRiderGOTests */,
			);
		};
/* End PBXProject section */

/* Begin PBXResourcesBuildPhase section */
		E96648231C85DA50005DC742 /* Resources */ = {
			isa = PBXResourcesBuildPhase;
			buildActionMask = 2147483647;
			files = (
				E96648321C85DA50005DC742 /* Main.storyboard in Resources */,
				E96648371C85DA50005DC742 /* LaunchScreen.xib in Resources */,
				E96648341C85DA50005DC742 /* Images.xcassets in Resources */,
				E96648531C85DB16005DC742 /* RideRowViewTableViewCell.xib in Resources */,
			);
			runOnlyForDeploymentPostprocessing = 0;
		};
		E966483A1C85DA50005DC742 /* Resources */ = {
			isa = PBXResourcesBuildPhase;
			buildActionMask = 2147483647;
			files = (
			);
			runOnlyForDeploymentPostprocessing = 0;
		};
/* End PBXResourcesBuildPhase section */

/* Begin PBXSourcesBuildPhase section */
		E96648211C85DA50005DC742 /* Sources */ = {
			isa = PBXSourcesBuildPhase;
			buildActionMask = 2147483647;
			files = (
				E96648521C85DB16005DC742 /* RideRowViewTableViewCell.swift in Sources */,
				E966484D1C85DABD005DC742 /* LoginViewController.swift in Sources */,
				E966482F1C85DA50005DC742 /* SecondViewController.swift in Sources */,
				E966482B1C85DA50005DC742 /* AppDelegate.swift in Sources */,
				E966482D1C85DA50005DC742 /* BookedRidesController.swift in Sources */,
			);
			runOnlyForDeploymentPostprocessing = 0;
		};
		E96648381C85DA50005DC742 /* Sources */ = {
			isa = PBXSourcesBuildPhase;
			buildActionMask = 2147483647;
			files = (
				E96648431C85DA50005DC742 /* MatchRiderGOTests.swift in Sources */,
			);
			runOnlyForDeploymentPostprocessing = 0;
		};
/* End PBXSourcesBuildPhase section */

/* Begin PBXTargetDependency section */
		E966483E1C85DA50005DC742 /* PBXTargetDependency */ = {
			isa = PBXTargetDependency;
			target = E96648241C85DA50005DC742 /* MatchRiderGO */;
			targetProxy = E966483D1C85DA50005DC742 /* PBXContainerItemProxy */;
		};
/* End PBXTargetDependency section */

/* Begin PBXVariantGroup section */
		E96648301C85DA50005DC742 /* Main.storyboard */ = {
			isa = PBXVariantGroup;
			children = (
				E96648311C85DA50005DC742 /* Base */,
			);
			name = Main.storyboard;
			sourceTree = "<group>";
		};
		E96648351C85DA50005DC742 /* LaunchScreen.xib */ = {
			isa = PBXVariantGroup;
			children = (
				E96648361C85DA50005DC742 /* Base */,
			);
			name = LaunchScreen.xib;
			sourceTree = "<group>";
		};
/* End PBXVariantGroup section */

/* Begin XCBuildConfiguration section */
		E96648441C85DA50005DC742 /* Debug */ = {
			isa = XCBuildConfiguration;
			buildSettings = {
				ALWAYS_SEARCH_USER_PATHS = NO;
				CLANG_CXX_LANGUAGE_STANDARD = "gnu++0x";
				CLANG_CXX_LIBRARY = "libc++";
				CLANG_ENABLE_MODULES = YES;
				CLANG_ENABLE_OBJC_ARC = YES;
				CLANG_WARN_BOOL_CONVERSION = YES;
				CLANG_WARN_CONSTANT_CONVERSION = YES;
				CLANG_WARN_DIRECT_OBJC_ISA_USAGE = YES_ERROR;
				CLANG_WARN_EMPTY_BODY = YES;
				CLANG_WARN_ENUM_CONVERSION = YES;
				CLANG_WARN_INT_CONVERSION = YES;
				CLANG_WARN_OBJC_ROOT_CLASS = YES_ERROR;
				CLANG_WARN_UNREACHABLE_CODE = YES;
				CLANG_WARN__DUPLICATE_METHOD_MATCH = YES;
				"CODE_SIGN_IDENTITY[sdk=iphoneos*]" = "iPhone Developer";
				COPY_PHASE_STRIP = NO;
				ENABLE_STRICT_OBJC_MSGSEND = YES;
				GCC_C_LANGUAGE_STANDARD = gnu99;
				GCC_DYNAMIC_NO_PIC = NO;
				GCC_OPTIMIZATION_LEVEL = 0;
				GCC_PREPROCESSOR_DEFINITIONS = (
					"DEBUG=1",
					"$(inherited)",
				);
				GCC_SYMBOLS_PRIVATE_EXTERN = NO;
				GCC_WARN_64_TO_32_BIT_CONVERSION = YES;
				GCC_WARN_ABOUT_RETURN_TYPE = YES_ERROR;
				GCC_WARN_UNDECLARED_SELECTOR = YES;
				GCC_WARN_UNINITIALIZED_AUTOS = YES_AGGRESSIVE;
				GCC_WARN_UNUSED_FUNCTION = YES;
				GCC_WARN_UNUSED_VARIABLE = YES;
				IPHONEOS_DEPLOYMENT_TARGET = 8.2;
				MTL_ENABLE_DEBUG_INFO = YES;
				ONLY_ACTIVE_ARCH = YES;
				SDKROOT = iphoneos;
				SWIFT_OPTIMIZATION_LEVEL = "-Onone";
			};
			name = Debug;
		};
		E96648451C85DA50005DC742 /* Release */ = {
			isa = XCBuildConfiguration;
			buildSettings = {
				ALWAYS_SEARCH_USER_PATHS = NO;
				CLANG_CXX_LANGUAGE_STANDARD = "gnu++0x";
				CLANG_CXX_LIBRARY = "libc++";
				CLANG_ENABLE_MODULES = YES;
				CLANG_ENABLE_OBJC_ARC = YES;
				CLANG_WARN_BOOL_CONVERSION = YES;
				CLANG_WARN_CONSTANT_CONVERSION = YES;
				CLANG_WARN_DIRECT_OBJC_ISA_USAGE = YES_ERROR;
				CLANG_WARN_EMPTY_BODY = YES;
				CLANG_WARN_ENUM_CONVERSION = YES;
				CLANG_WARN_INT_CONVERSION = YES;
				CLANG_WARN_OBJC_ROOT_CLASS = YES_ERROR;
				CLANG_WARN_UNREACHABLE_CODE = YES;
				CLANG_WARN__DUPLICATE_METHOD_MATCH = YES;
				"CODE_SIGN_IDENTITY[sdk=iphoneos*]" = "iPhone Developer";
				COPY_PHASE_STRIP = NO;
				ENABLE_NS_ASSERTIONS = NO;
				ENABLE_STRICT_OBJC_MSGSEND = YES;
				GCC_C_LANGUAGE_STANDARD = gnu99;
				GCC_WARN_64_TO_32_BIT_CONVERSION = YES;
				GCC_WARN_ABOUT_RETURN_TYPE = YES_ERROR;
				GCC_WARN_UNDECLARED_SELECTOR = YES;
				GCC_WARN_UNINITIALIZED_AUTOS = YES_AGGRESSIVE;
				GCC_WARN_UNUSED_FUNCTION = YES;
				GCC_WARN_UNUSED_VARIABLE = YES;
				IPHONEOS_DEPLOYMENT_TARGET = 8.2;
				MTL_ENABLE_DEBUG_INFO = NO;
				SDKROOT = iphoneos;
				VALIDATE_PRODUCT = YES;
			};
			name = Release;
		};
		E96648471C85DA50005DC742 /* Debug */ = {
			isa = XCBuildConfiguration;
			buildSettings = {
				ASSETCATALOG_COMPILER_APPICON_NAME = AppIcon;
				INFOPLIST_FILE = MatchRiderGO/Info.plist;
				LD_RUNPATH_SEARCH_PATHS = "$(inherited) @executable_path/Frameworks";
				PRODUCT_NAME = "$(TARGET_NAME)";
			};
			name = Debug;
		};
		E96648481C85DA50005DC742 /* Release */ = {
			isa = XCBuildConfiguration;
			buildSettings = {
				ASSETCATALOG_COMPILER_APPICON_NAME = AppIcon;
				INFOPLIST_FILE = MatchRiderGO/Info.plist;
				LD_RUNPATH_SEARCH_PATHS = "$(inherited) @executable_path/Frameworks";
				PRODUCT_NAME = "$(TARGET_NAME)";
			};
			name = Release;
		};
		E966484A1C85DA50005DC742 /* Debug */ = {
			isa = XCBuildConfiguration;
			buildSettings = {
				BUNDLE_LOADER = "$(TEST_HOST)";
				FRAMEWORK_SEARCH_PATHS = (
					"$(SDKROOT)/Developer/Library/Frameworks",
					"$(inherited)",
				);
				GCC_PREPROCESSOR_DEFINITIONS = (
					"DEBUG=1",
					"$(inherited)",
				);
				INFOPLIST_FILE = MatchRiderGOTests/Info.plist;
				LD_RUNPATH_SEARCH_PATHS = "$(inherited) @executable_path/Frameworks @loader_path/Frameworks";
				PRODUCT_NAME = "$(TARGET_NAME)";
				TEST_HOST = "$(BUILT_PRODUCTS_DIR)/MatchRiderGO.app/MatchRiderGO";
			};
			name = Debug;
		};
		E966484B1C85DA50005DC742 /* Release */ = {
			isa = XCBuildConfiguration;
			buildSettings = {
				BUNDLE_LOADER = "$(TEST_HOST)";
				FRAMEWORK_SEARCH_PATHS = (
					"$(SDKROOT)/Developer/Library/Frameworks",
					"$(inherited)",
				);
				INFOPLIST_FILE = MatchRiderGOTests/Info.plist;
				LD_RUNPATH_SEARCH_PATHS = "$(inherited) @executable_path/Frameworks @loader_path/Frameworks";
				PRODUCT_NAME = "$(TARGET_NAME)";
				TEST_HOST = "$(BUILT_PRODUCTS_DIR)/MatchRiderGO.app/MatchRiderGO";
			};
			name = Release;
		};
/* End XCBuildConfiguration section */

/* Begin XCConfigurationList section */
		E96648201C85DA50005DC742 /* Build configuration list for PBXProject "MatchRiderGO" */ = {
			isa = XCConfigurationList;
			buildConfigurations = (
				E96648441C85DA50005DC742 /* Debug */,
				E96648451C85DA50005DC742 /* Release */,
			);
			defaultConfigurationIsVisible = 0;
			defaultConfigurationName = Release;
		};
		E96648461C85DA50005DC742 /* Build configuration list for PBXNativeTarget "MatchRiderGO" */ = {
			isa = XCConfigurationList;
			buildConfigurations = (
				E96648471C85DA50005DC742 /* Debug */,
				E96648481C85DA50005DC742 /* Release */,
			);
			defaultConfigurationIsVisible = 0;
		};
		E96648491C85DA50005DC742 /* Build configuration list for PBXNativeTarget "MatchRiderGOTests" */ = {
			isa = XCConfigurationList;
			buildConfigurations = (
				E966484A1C85DA50005DC742 /* Debug */,
				E966484B1C85DA50005DC742 /* Release */,
			);
			defaultConfigurationIsVisible = 0;
		};
/* End XCConfigurationList section */
	};
	rootObject = E966481D1C85DA50005DC742 /* Project object */;
}
